// !$*UTF8*$!
{
	archiveVersion = 1;
	classes = {
	};
	objectVersion = 48;
	objects = {

/* Begin PBXBuildFile section */
		8F07151520A1714C0070BB90 /* AppDelegate.swift in Sources */ = {isa = PBXBuildFile; fileRef = 8F07151420A1714C0070BB90 /* AppDelegate.swift */; };
		8F07151720A1714C0070BB90 /* ViewController.swift in Sources */ = {isa = PBXBuildFile; fileRef = 8F07151620A1714C0070BB90 /* ViewController.swift */; };
		8F07151A20A1714C0070BB90 /* Main.storyboard in Resources */ = {isa = PBXBuildFile; fileRef = 8F07151820A1714C0070BB90 /* Main.storyboard */; };
		8F07151C20A1714C0070BB90 /* Assets.xcassets in Resources */ = {isa = PBXBuildFile; fileRef = 8F07151B20A1714C0070BB90 /* Assets.xcassets */; };
		8F07151F20A1714C0070BB90 /* LaunchScreen.storyboard in Resources */ = {isa = PBXBuildFile; fileRef = 8F07151D20A1714C0070BB90 /* LaunchScreen.storyboard */; };
		8F07152A20A1714C0070BB90 /* tripprojectTests.swift in Sources */ = {isa = PBXBuildFile; fileRef = 8F07152920A1714C0070BB90 /* tripprojectTests.swift */; };
		8F07153520A1714C0070BB90 /* tripprojectUITests.swift in Sources */ = {isa = PBXBuildFile; fileRef = 8F07153420A1714C0070BB90 /* tripprojectUITests.swift */; };
/* End PBXBuildFile section */

/* Begin PBXContainerItemProxy section */
		8F07152620A1714C0070BB90 /* PBXContainerItemProxy */ = {
			isa = PBXContainerItemProxy;
			containerPortal = 8F07150920A1714C0070BB90 /* Project object */;
			proxyType = 1;
			remoteGlobalIDString = 8F07151020A1714C0070BB90;
			remoteInfo = tripproject;
		};
		8F07153120A1714C0070BB90 /* PBXContainerItemProxy */ = {
			isa = PBXContainerItemProxy;
			containerPortal = 8F07150920A1714C0070BB90 /* Project object */;
			proxyType = 1;
			remoteGlobalIDString = 8F07151020A1714C0070BB90;
			remoteInfo = tripproject;
		};
/* End PBXContainerItemProxy section */

/* Begin PBXFileReference section */
		8F07151120A1714C0070BB90 /* tripproject.app */ = {isa = PBXFileReference; explicitFileType = wrapper.application; includeInIndex = 0; path = tripproject.app; sourceTree = BUILT_PRODUCTS_DIR; };
		8F07151420A1714C0070BB90 /* AppDelegate.swift */ = {isa = PBXFileReference; lastKnownFileType = sourcecode.swift; path = AppDelegate.swift; sourceTree = "<group>"; };
		8F07151620A1714C0070BB90 /* ViewController.swift */ = {isa = PBXFileReference; lastKnownFileType = sourcecode.swift; path = ViewController.swift; sourceTree = "<group>"; };
		8F07151920A1714C0070BB90 /* Base */ = {isa = PBXFileReference; lastKnownFileType = file.storyboard; name = Base; path = Base.lproj/Main.storyboard; sourceTree = "<group>"; };
		8F07151B20A1714C0070BB90 /* Assets.xcassets */ = {isa = PBXFileReference; lastKnownFileType = folder.assetcatalog; path = Assets.xcassets; sourceTree = "<group>"; };
		8F07151E20A1714C0070BB90 /* Base */ = {isa = PBXFileReference; lastKnownFileType = file.storyboard; name = Base; path = Base.lproj/LaunchScreen.storyboard; sourceTree = "<group>"; };
		8F07152020A1714C0070BB90 /* Info.plist */ = {isa = PBXFileReference; lastKnownFileType = text.plist.xml; path = Info.plist; sourceTree = "<group>"; };
		8F07152520A1714C0070BB90 /* tripprojectTests.xctest */ = {isa = PBXFileReference; explicitFileType = wrapper.cfbundle; includeInIndex = 0; path = tripprojectTests.xctest; sourceTree = BUILT_PRODUCTS_DIR; };
		8F07152920A1714C0070BB90 /* tripprojectTests.swift */ = {isa = PBXFileReference; lastKnownFileType = sourcecode.swift; path = tripprojectTests.swift; sourceTree = "<group>"; };
		8F07152B20A1714C0070BB90 /* Info.plist */ = {isa = PBXFileReference; lastKnownFileType = text.plist.xml; path = Info.plist; sourceTree = "<group>"; };
		8F07153020A1714C0070BB90 /* tripprojectUITests.xctest */ = {isa = PBXFileReference; explicitFileType = wrapper.cfbundle; includeInIndex = 0; path = tripprojectUITests.xctest; sourceTree = BUILT_PRODUCTS_DIR; };
		8F07153420A1714C0070BB90 /* tripprojectUITests.swift */ = {isa = PBXFileReference; lastKnownFileType = sourcecode.swift; path = tripprojectUITests.swift; sourceTree = "<group>"; };
		8F07153620A1714C0070BB90 /* Info.plist */ = {isa = PBXFileReference; lastKnownFileType = text.plist.xml; path = Info.plist; sourceTree = "<group>"; };
/* End PBXFileReference section */

/* Begin PBXFrameworksBuildPhase section */
		8F07150E20A1714C0070BB90 /* Frameworks */ = {
			isa = PBXFrameworksBuildPhase;
			buildActionMask = 2147483647;
			files = (
			);
			runOnlyForDeploymentPostprocessing = 0;
		};
		8F07152220A1714C0070BB90 /* Frameworks */ = {
			isa = PBXFrameworksBuildPhase;
			buildActionMask = 2147483647;
			files = (
			);
			runOnlyForDeploymentPostprocessing = 0;
		};
		8F07152D20A1714C0070BB90 /* Frameworks */ = {
			isa = PBXFrameworksBuildPhase;
			buildActionMask = 2147483647;
			files = (
			);
			runOnlyForDeploymentPostprocessing = 0;
		};
/* End PBXFrameworksBuildPhase section */

/* Begin PBXGroup section */
		8F07150820A1714C0070BB90 = {
			isa = PBXGroup;
			children = (
				8F07151320A1714C0070BB90 /* tripproject */,
				8F07152820A1714C0070BB90 /* tripprojectTests */,
				8F07153320A1714C0070BB90 /* tripprojectUITests */,
				8F07151220A1714C0070BB90 /* Products */,
			);
			sourceTree = "<group>";
		};
		8F07151220A1714C0070BB90 /* Products */ = {
			isa = PBXGroup;
			children = (
				8F07151120A1714C0070BB90 /* tripproject.app */,
				8F07152520A1714C0070BB90 /* tripprojectTests.xctest */,
				8F07153020A1714C0070BB90 /* tripprojectUITests.xctest */,
			);
			name = Products;
			sourceTree = "<group>";
		};
		8F07151320A1714C0070BB90 /* tripproject */ = {
			isa = PBXGroup;
			children = (
				8F07151420A1714C0070BB90 /* AppDelegate.swift */,
				8F07151620A1714C0070BB90 /* ViewController.swift */,
				8F07151820A1714C0070BB90 /* Main.storyboard */,
				8F07151B20A1714C0070BB90 /* Assets.xcassets */,
				8F07151D20A1714C0070BB90 /* LaunchScreen.storyboard */,
				8F07152020A1714C0070BB90 /* Info.plist */,
			);
			path = tripproject;
			sourceTree = "<group>";
		};
		8F07152820A1714C0070BB90 /* tripprojectTests */ = {
			isa = PBXGroup;
			children = (
				8F07152920A1714C0070BB90 /* tripprojectTests.swift */,
				8F07152B20A1714C0070BB90 /* Info.plist */,
			);
			path = tripprojectTests;
			sourceTree = "<group>";
		};
		8F07153320A1714C0070BB90 /* tripprojectUITests */ = {
			isa = PBXGroup;
			children = (
				8F07153420A1714C0070BB90 /* tripprojectUITests.swift */,
				8F07153620A1714C0070BB90 /* Info.plist */,
			);
			path = tripprojectUITests;
			sourceTree = "<group>";
		};
/* End PBXGroup section */

/* Begin PBXNativeTarget section */
		8F07151020A1714C0070BB90 /* tripproject */ = {
			isa = PBXNativeTarget;
			buildConfigurationList = 8F07153920A1714C0070BB90 /* Build configuration list for PBXNativeTarget "tripproject" */;
			buildPhases = (
				8F07150D20A1714C0070BB90 /* Sources */,
				8F07150E20A1714C0070BB90 /* Frameworks */,
				8F07150F20A1714C0070BB90 /* Resources */,
			);
			buildRules = (
			);
			dependencies = (
			);
			name = tripproject;
			productName = tripproject;
			productReference = 8F07151120A1714C0070BB90 /* tripproject.app */;
			productType = "com.apple.product-type.application";
		};
		8F07152420A1714C0070BB90 /* tripprojectTests */ = {
			isa = PBXNativeTarget;
			buildConfigurationList = 8F07153C20A1714C0070BB90 /* Build configuration list for PBXNativeTarget "tripprojectTests" */;
			buildPhases = (
				8F07152120A1714C0070BB90 /* Sources */,
				8F07152220A1714C0070BB90 /* Frameworks */,
				8F07152320A1714C0070BB90 /* Resources */,
			);
			buildRules = (
			);
			dependencies = (
				8F07152720A1714C0070BB90 /* PBXTargetDependency */,
			);
			name = tripprojectTests;
			productName = tripprojectTests;
			productReference = 8F07152520A1714C0070BB90 /* tripprojectTests.xctest */;
			productType = "com.apple.product-type.bundle.unit-test";
		};
		8F07152F20A1714C0070BB90 /* tripprojectUITests */ = {
			isa = PBXNativeTarget;
			buildConfigurationList = 8F07153F20A1714C0070BB90 /* Build configuration list for PBXNativeTarget "tripprojectUITests" */;
			buildPhases = (
				8F07152C20A1714C0070BB90 /* Sources */,
				8F07152D20A1714C0070BB90 /* Frameworks */,
				8F07152E20A1714C0070BB90 /* Resources */,
			);
			buildRules = (
			);
			dependencies = (
				8F07153220A1714C0070BB90 /* PBXTargetDependency */,
			);
			name = tripprojectUITests;
			productName = tripprojectUITests;
			productReference = 8F07153020A1714C0070BB90 /* tripprojectUITests.xctest */;
			productType = "com.apple.product-type.bundle.ui-testing";
		};
/* End PBXNativeTarget section */

/* Begin PBXProject section */
		8F07150920A1714C0070BB90 /* Project object */ = {
			isa = PBXProject;
			attributes = {
				LastSwiftUpdateCheck = 0920;
				LastUpgradeCheck = 0920;
				ORGANIZATIONNAME = "SIMRANJIT SINGH";
				TargetAttributes = {
					8F07151020A1714C0070BB90 = {
						CreatedOnToolsVersion = 9.2;
						ProvisioningStyle = Automatic;
					};
					8F07152420A1714C0070BB90 = {
						CreatedOnToolsVersion = 9.2;
						ProvisioningStyle = Automatic;
						TestTargetID = 8F07151020A1714C0070BB90;
					};
					8F07152F20A1714C0070BB90 = {
						CreatedOnToolsVersion = 9.2;
						ProvisioningStyle = Automatic;
						TestTargetID = 8F07151020A1714C0070BB90;
					};
				};
			};
			buildConfigurationList = 8F07150C20A1714C0070BB90 /* Build configuration list for PBXProject "tripproject" */;
			compatibilityVersion = "Xcode 8.0";
			developmentRegion = en;
			hasScannedForEncodings = 0;
			knownRegions = (
				en,
				Base,
			);
			mainGroup = 8F07150820A1714C0070BB90;
			productRefGroup = 8F07151220A1714C0070BB90 /* Products */;
			projectDirPath = "";
			projectRoot = "";
			targets = (
				8F07151020A1714C0070BB90 /* tripproject */,
				8F07152420A1714C0070BB90 /* tripprojectTests */,
				8F07152F20A1714C0070BB90 /* tripprojectUITests */,
			);
		};
/* End PBXProject section */

/* Begin PBXResourcesBuildPhase section */
		8F07150F20A1714C0070BB90 /* Resources */ = {
			isa = PBXResourcesBuildPhase;
			buildActionMask = 2147483647;
			files = (
				8F07151F20A1714C0070BB90 /* LaunchScreen.storyboard in Resources */,
				8F07151C20A1714C0070BB90 /* Assets.xcassets in Resources */,
				8F07151A20A1714C0070BB90 /* Main.storyboard in Resources */,
			);
			runOnlyForDeploymentPostprocessing = 0;
		};
		8F07152320A1714C0070BB90 /* Resources */ = {
			isa = PBXResourcesBuildPhase;
			buildActionMask = 2147483647;
			files = (
			);
			runOnlyForDeploymentPostprocessing = 0;
		};
		8F07152E20A1714C0070BB90 /* Resources */ = {
			isa = PBXResourcesBuildPhase;
			buildActionMask = 2147483647;
			files = (
			);
			runOnlyForDeploymentPostprocessing = 0;
		};
/* End PBXResourcesBuildPhase section */

/* Begin PBXSourcesBuildPhase section */
		8F07150D20A1714C0070BB90 /* Sources */ = {
			isa = PBXSourcesBuildPhase;
			buildActionMask = 2147483647;
			files = (
				8F07151720A1714C0070BB90 /* ViewController.swift in Sources */,
				8F07151520A1714C0070BB90 /* AppDelegate.swift in Sources */,
			);
			runOnlyForDeploymentPostprocessing = 0;
		};
		8F07152120A1714C0070BB90 /* Sources */ = {
			isa = PBXSourcesBuildPhase;
			buildActionMask = 2147483647;
			files = (
				8F07152A20A1714C0070BB90 /* tripprojectTests.swift in Sources */,
			);
			runOnlyForDeploymentPostprocessing = 0;
		};
		8F07152C20A1714C0070BB90 /* Sources */ = {
			isa = PBXSourcesBuildPhase;
			buildActionMask = 2147483647;
			files = (
				8F07153520A1714C0070BB90 /* tripprojectUITests.swift in Sources */,
			);
			runOnlyForDeploymentPostprocessing = 0;
		};
/* End PBXSourcesBuildPhase section */

/* Begin PBXTargetDependency section */
		8F07152720A1714C0070BB90 /* PBXTargetDependency */ = {
			isa = PBXTargetDependency;
			target = 8F07151020A1714C0070BB90 /* tripproject */;
			targetProxy = 8F07152620A1714C0070BB90 /* PBXContainerItemProxy */;
		};
		8F07153220A1714C0070BB90 /* PBXTargetDependency */ = {
			isa = PBXTargetDependency;
			target = 8F07151020A1714C0070BB90 /* tripproject */;
			targetProxy = 8F07153120A1714C0070BB90 /* PBXContainerItemProxy */;
		};
/* End PBXTargetDependency section */

/* Begin PBXVariantGroup section */
		8F07151820A1714C0070BB90 /* Main.storyboard */ = {
			isa = PBXVariantGroup;
			children = (
				8F07151920A1714C0070BB90 /* Base */,
			);
			name = Main.storyboard;
			sourceTree = "<group>";
		};
		8F07151D20A1714C0070BB90 /* LaunchScreen.storyboard */ = {
			isa = PBXVariantGroup;
			children = (
				8F07151E20A1714C0070BB90 /* Base */,
			);
			name = LaunchScreen.storyboard;
			sourceTree = "<group>";
		};
/* End PBXVariantGroup section */

/* Begin XCBuildConfiguration section */
		8F07153720A1714C0070BB90 /* Debug */ = {
			isa = XCBuildConfiguration;
			buildSettings = {
				ALWAYS_SEARCH_USER_PATHS = NO;
				CLANG_ANALYZER_NONNULL = YES;
				CLANG_ANALYZER_NUMBER_OBJECT_CONVERSION = YES_AGGRESSIVE;
				CLANG_CXX_LANGUAGE_STANDARD = "gnu++14";
				CLANG_CXX_LIBRARY = "libc++";
				CLANG_ENABLE_MODULES = YES;
				CLANG_ENABLE_OBJC_ARC = YES;
				CLANG_WARN_BLOCK_CAPTURE_AUTORELEASING = YES;
				CLANG_WARN_BOOL_CONVERSION = YES;
				CLANG_WARN_COMMA = YES;
				CLANG_WARN_CONSTANT_CONVERSION = YES;
				CLANG_WARN_DIRECT_OBJC_ISA_USAGE = YES_ERROR;
				CLANG_WARN_DOCUMENTATION_COMMENTS = YES;
				CLANG_WARN_EMPTY_BODY = YES;
				CLANG_WARN_ENUM_CONVERSION = YES;
				CLANG_WARN_INFINITE_RECURSION = YES;
				CLANG_WARN_INT_CONVERSION = YES;
				CLANG_WARN_NON_LITERAL_NULL_CONVERSION = YES;
				CLANG_WARN_OBJC_LITERAL_CONVERSION = YES;
				CLANG_WARN_OBJC_ROOT_CLASS = YES_ERROR;
				CLANG_WARN_RANGE_LOOP_ANALYSIS = YES;
				CLANG_WARN_STRICT_PROTOTYPES = YES;
				CLANG_WARN_SUSPICIOUS_MOVE = YES;
				CLANG_WARN_UNGUARDED_AVAILABILITY = YES_AGGRESSIVE;
				CLANG_WARN_UNREACHABLE_CODE = YES;
				CLANG_WARN__DUPLICATE_METHOD_MATCH = YES;
				CODE_SIGN_IDENTITY = "iPhone Developer";
				COPY_PHASE_STRIP = NO;
				DEBUG_INFORMATION_FORMAT = dwarf;
				ENABLE_STRICT_OBJC_MSGSEND = YES;
				ENABLE_TESTABILITY = YES;
				GCC_C_LANGUAGE_STANDARD = gnu11;
				GCC_DYNAMIC_NO_PIC = NO;
				GCC_NO_COMMON_BLOCKS = YES;
				GCC_OPTIMIZATION_LEVEL = 0;
				GCC_PREPROCESSOR_DEFINITIONS = (
					"DEBUG=1",
					"$(inherited)",
				);
				GCC_WARN_64_TO_32_BIT_CONVERSION = YES;
				GCC_WARN_ABOUT_RETURN_TYPE = YES_ERROR;
				GCC_WARN_UNDECLARED_SELECTOR = YES;
				GCC_WARN_UNINITIALIZED_AUTOS = YES_AGGRESSIVE;
				GCC_WARN_UNUSED_FUNCTION = YES;
				GCC_WARN_UNUSED_VARIABLE = YES;
				IPHONEOS_DEPLOYMENT_TARGET = 11.2;
				MTL_ENABLE_DEBUG_INFO = YES;
				ONLY_ACTIVE_ARCH = YES;
				SDKROOT = iphoneos;
				SWIFT_ACTIVE_COMPILATION_CONDITIONS = DEBUG;
				SWIFT_OPTIMIZATION_LEVEL = "-Onone";
			};
			name = Debug;
		};
		8F07153820A1714C0070BB90 /* Release */ = {
			isa = XCBuildConfiguration;
			buildSettings = {
				ALWAYS_SEARCH_USER_PATHS = NO;
				CLANG_ANALYZER_NONNULL = YES;
				CLANG_ANALYZER_NUMBER_OBJECT_CONVERSION = YES_AGGRESSIVE;
				CLANG_CXX_LANGUAGE_STANDARD = "gnu++14";
				CLANG_CXX_LIBRARY = "libc++";
				CLANG_ENABLE_MODULES = YES;
				CLANG_ENABLE_OBJC_ARC = YES;
				CLANG_WARN_BLOCK_CAPTURE_AUTORELEASING = YES;
				CLANG_WARN_BOOL_CONVERSION = YES;
				CLANG_WARN_COMMA = YES;
				CLANG_WARN_CONSTANT_CONVERSION = YES;
				CLANG_WARN_DIRECT_OBJC_ISA_USAGE = YES_ERROR;
				CLANG_WARN_DOCUMENTATION_COMMENTS = YES;
				CLANG_WARN_EMPTY_BODY = YES;
				CLANG_WARN_ENUM_CONVERSION = YES;
				CLANG_WARN_INFINITE_RECURSION = YES;
				CLANG_WARN_INT_CONVERSION = YES;
				CLANG_WARN_NON_LITERAL_NULL_CONVERSION = YES;
				CLANG_WARN_OBJC_LITERAL_CONVERSION = YES;
				CLANG_WARN_OBJC_ROOT_CLASS = YES_ERROR;
				CLANG_WARN_RANGE_LOOP_ANALYSIS = YES;
				CLANG_WARN_STRICT_PROTOTYPES = YES;
				CLANG_WARN_SUSPICIOUS_MOVE = YES;
				CLANG_WARN_UNGUARDED_AVAILABILITY = YES_AGGRESSIVE;
				CLANG_WARN_UNREACHABLE_CODE = YES;
				CLANG_WARN__DUPLICATE_METHOD_MATCH = YES;
				CODE_SIGN_IDENTITY = "iPhone Developer";
				COPY_PHASE_STRIP = NO;
				DEBUG_INFORMATION_FORMAT = "dwarf-with-dsym";
				ENABLE_NS_ASSERTIONS = NO;
				ENABLE_STRICT_OBJC_MSGSEND = YES;
				GCC_C_LANGUAGE_STANDARD = gnu11;
				GCC_NO_COMMON_BLOCKS = YES;
				GCC_WARN_64_TO_32_BIT_CONVERSION = YES;
				GCC_WARN_ABOUT_RETURN_TYPE = YES_ERROR;
				GCC_WARN_UNDECLARED_SELECTOR = YES;
				GCC_WARN_UNINITIALIZED_AUTOS = YES_AGGRESSIVE;
				GCC_WARN_UNUSED_FUNCTION = YES;
				GCC_WARN_UNUSED_VARIABLE = YES;
				IPHONEOS_DEPLOYMENT_TARGET = 11.2;
				MTL_ENABLE_DEBUG_INFO = NO;
				SDKROOT = iphoneos;
				SWIFT_OPTIMIZATION_LEVEL = "-Owholemodule";
				VALIDATE_PRODUCT = YES;
			};
			name = Release;
		};
		8F07153A20A1714C0070BB90 /* Debug */ = {
			isa = XCBuildConfiguration;
			buildSettings = {
				ASSETCATALOG_COMPILER_APPICON_NAME = AppIcon;
				CODE_SIGN_STYLE = Automatic;
				INFOPLIST_FILE = tripproject/Info.plist;
				LD_RUNPATH_SEARCH_PATHS = "$(inherited) @executable_path/Frameworks";
				PRODUCT_BUNDLE_IDENTIFIER = Trip.tripproject;
				PRODUCT_NAME = "$(TARGET_NAME)";
				SWIFT_VERSION = 4.0;
				TARGETED_DEVICE_FAMILY = "1,2";
			};
			name = Debug;
		};
		8F07153B20A1714C0070BB90 /* Release */ = {
			isa = XCBuildConfiguration;
			buildSettings = {
				ASSETCATALOG_COMPILER_APPICON_NAME = AppIcon;
				CODE_SIGN_STYLE = Automatic;
				INFOPLIST_FILE = tripproject/Info.plist;
				LD_RUNPATH_SEARCH_PATHS = "$(inherited) @executable_path/Frameworks";
				PRODUCT_BUNDLE_IDENTIFIER = Trip.tripproject;
				PRODUCT_NAME = "$(TARGET_NAME)";
				SWIFT_VERSION = 4.0;
				TARGETED_DEVICE_FAMILY = "1,2";
			};
			name = Release;
		};
		8F07153D20A1714C0070BB90 /* Debug */ = {
			isa = XCBuildConfiguration;
			buildSettings = {
				ALWAYS_EMBED_SWIFT_STANDARD_LIBRARIES = YES;
				BUNDLE_LOADER = "$(TEST_HOST)";
				CODE_SIGN_STYLE = Automatic;
				INFOPLIST_FILE = tripprojectTests/Info.plist;
				LD_RUNPATH_SEARCH_PATHS = "$(inherited) @executable_path/Frameworks @loader_path/Frameworks";
				PRODUCT_BUNDLE_IDENTIFIER = Trip.tripprojectTests;
				PRODUCT_NAME = "$(TARGET_NAME)";
				SWIFT_VERSION = 4.0;
				TARGETED_DEVICE_FAMILY = "1,2";
				TEST_HOST = "$(BUILT_PRODUCTS_DIR)/tripproject.app/tripproject";
			};
			name = Debug;
		};
		8F07153E20A1714C0070BB90 /* Release */ = {
			isa = XCBuildConfiguration;
			buildSettings = {
				ALWAYS_EMBED_SWIFT_STANDARD_LIBRARIES = YES;
				BUNDLE_LOADER = "$(TEST_HOST)";
				CODE_SIGN_STYLE = Automatic;
				INFOPLIST_FILE = tripprojectTests/Info.plist;
				LD_RUNPATH_SEARCH_PATHS = "$(inherited) @executable_path/Frameworks @loader_path/Frameworks";
				PRODUCT_BUNDLE_IDENTIFIER = Trip.tripprojectTests;
				PRODUCT_NAME = "$(TARGET_NAME)";
				SWIFT_VERSION = 4.0;
				TARGETED_DEVICE_FAMILY = "1,2";
				TEST_HOST = "$(BUILT_PRODUCTS_DIR)/tripproject.app/tripproject";
			};
			name = Release;
		};
		8F07154020A1714C0070BB90 /* Debug */ = {
			isa = XCBuildConfiguration;
			buildSettings = {
				ALWAYS_EMBED_SWIFT_STANDARD_LIBRARIES = YES;
				CODE_SIGN_STYLE = Automatic;
				INFOPLIST_FILE = tripprojectUITests/Info.plist;
				LD_RUNPATH_SEARCH_PATHS = "$(inherited) @executable_path/Frameworks @loader_path/Frameworks";
				PRODUCT_BUNDLE_IDENTIFIER = Trip.tripprojectUITests;
				PRODUCT_NAME = "$(TARGET_NAME)";
				SWIFT_VERSION = 4.0;
				TARGETED_DEVICE_FAMILY = "1,2";
				TEST_TARGET_NAME = tripproject;
			};
			name = Debug;
		};
		8F07154120A1714C0070BB90 /* Release */ = {
			isa = XCBuildConfiguration;
			buildSettings = {
				ALWAYS_EMBED_SWIFT_STANDARD_LIBRARIES = YES;
				CODE_SIGN_STYLE = Automatic;
				INFOPLIST_FILE = tripprojectUITests/Info.plist;
				LD_RUNPATH_SEARCH_PATHS = "$(inherited) @executable_path/Frameworks @loader_path/Frameworks";
				PRODUCT_BUNDLE_IDENTIFIER = Trip.tripprojectUITests;
				PRODUCT_NAME = "$(TARGET_NAME)";
				SWIFT_VERSION = 4.0;
				TARGETED_DEVICE_FAMILY = "1,2";
				TEST_TARGET_NAME = tripproject;
			};
			name = Release;
		};
/* End XCBuildConfiguration section */

/* Begin XCConfigurationList section */
		8F07150C20A1714C0070BB90 /* Build configuration list for PBXProject "tripproject" */ = {
			isa = XCConfigurationList;
			buildConfigurations = (
				8F07153720A1714C0070BB90 /* Debug */,
				8F07153820A1714C0070BB90 /* Release */,
			);
			defaultConfigurationIsVisible = 0;
			defaultConfigurationName = Release;
		};
		8F07153920A1714C0070BB90 /* Build configuration list for PBXNativeTarget "tripproject" */ = {
			isa = XCConfigurationList;
			buildConfigurations = (
				8F07153A20A1714C0070BB90 /* Debug */,
				8F07153B20A1714C0070BB90 /* Release */,
			);
			defaultConfigurationIsVisible = 0;
			defaultConfigurationName = Release;
		};
		8F07153C20A1714C0070BB90 /* Build configuration list for PBXNativeTarget "tripprojectTests" */ = {
			isa = XCConfigurationList;
			buildConfigurations = (
				8F07153D20A1714C0070BB90 /* Debug */,
				8F07153E20A1714C0070BB90 /* Release */,
			);
			defaultConfigurationIsVisible = 0;
			defaultConfigurationName = Release;
		};
		8F07153F20A1714C0070BB90 /* Build configuration list for PBXNativeTarget "tripprojectUITests" */ = {
			isa = XCConfigurationList;
			buildConfigurations = (
				8F07154020A1714C0070BB90 /* Debug */,
				8F07154120A1714C0070BB90 /* Release */,
			);
			defaultConfigurationIsVisible = 0;
			defaultConfigurationName = Release;
		};
/* End XCConfigurationList section */
	};
	rootObject = 8F07150920A1714C0070BB90 /* Project object */;
}
